{
  "name": "bm25-search",
  "version": "1.0.0",
  "lockfileVersion": 3,
  "requires": true,
  "packages": {
    "": {
      "name": "bm25-search",
      "version": "1.0.0",
      "license": "ISC",
      "dependencies": {
        "fast-bm25": "0.0.5"
      }
    },
    "node_modules/fast-bm25": {
      "version": "0.0.5",
      "resolved": "https://registry.npmjs.org/fast-bm25/-/fast-bm25-0.0.5.tgz",
      "integrity": "sha512-6HTiLmPkgeqcPJHccN0pXdqnA7OzhaEQZTFzWnfjIyPoX5sGVKUUpfRc2K2o6zMwK+g009miRhADYn/f2Ax0Mg==",
      "license": "MIT",
      "dependencies": {
        "porter2": "^1.0.2"
      },
      "engines": {
        "node": ">=14.0.0"
      },
      "peerDependencies": {
        "typescript": "^5.6.3"
      }
    },
    "node_modules/porter2": {
      "version": "1.1.0",
      "resolved": "https://registry.npmjs.org/porter2/-/porter2-1.1.0.tgz",
      "integrity": "sha512-Io2cLEdZn0O1dH60pRsjmr/cH/qJJ/j6Cjubz8wQWi0b6vPdQIUxSBQKyx9d+8CN7fSnY+5uOU3rErMFjNqcLw==",
      "license": "MIT"
    },
    "node_modules/typescript": {
      "version": "5.9.3",
      "resolved": "https://registry.npmjs.org/typescript/-/typescript-5.9.3.tgz",
      "integrity": "sha512-jl1vZzPDinLr9eUt3J/t7V6FgNEw9QjvBPdysz9KfQDD41fQrC2Y4vKQdiaUpFT4bXlb1RHhLpp8wtm6M5TgSw==",
      "license": "Apache-2.0",
      "peer": true,
      "bin": {
        "tsc": "bin/tsc",
        "tsserver": "bin/tsserver"
      },
      "engines": {
        "node": ">=14.17"
      }
    }
  }
}
